PODS:
  - DTGradientButton (0.1.3)
  - IQKeyboardManagerSwift (6.5.9)

DEPENDENCIES:
  - DTGradientButton
  - IQKeyboardManagerSwift

SPEC REPOS:
  trunk:
    - DTGradientButton
    - IQKeyboardManagerSwift

SPEC CHECKSUMS:
  DTGradientButton: 6f0f696cd433255d226c05e4ab047d991d13d4ef
  IQKeyboardManagerSwift: 6e839c575c4aa1078d58a596e41244e77abe918f

PODFILE CHECKSUM: b79a42bea8e19b0f0b0b84ef1b02f2819ebdb45f

COCOAPODS: 1.11.2
