// !$*UTF8*$!
{
	archiveVersion = 1;
	classes = {
	};
	objectVersion = 55;
	objects = {

/* Begin PBXBuildFile section */
		7DB5FF35CEAF1A76085740EB /* Pods_bzb_demo.framework in Frameworks */ = {isa = PBXBuildFile; fileRef = 398434E345B32BEE0112B116 /* Pods_bzb_demo.framework */; };
		815DA8A427C5F53300A48EF0 /* LoginViewController.swift in Sources */ = {isa = PBXBuildFile; fileRef = 815DA8A327C5F53300A48EF0 /* LoginViewController.swift */; };
		815DA8A827C60F0400A48EF0 /* AppTheme.swift in Sources */ = {isa = PBXBuildFile; fileRef = 815DA8A727C60F0400A48EF0 /* AppTheme.swift */; };
		81BAC2BE27C72727009ECE84 /* RegisterViewController.swift in Sources */ = {isa = PBXBuildFile; fileRef = 81BAC2BC27C72727009ECE84 /* RegisterViewController.swift */; };
		81BAC2BF27C72727009ECE84 /* RegisterViewController.xib in Resources */ = {isa = PBXBuildFile; fileRef = 81BAC2BD27C72727009ECE84 /* RegisterViewController.xib */; };
		81BAC2C227C73424009ECE84 /* Utility.swift in Sources */ = {isa = PBXBuildFile; fileRef = 81BAC2C127C73424009ECE84 /* Utility.swift */; };
		81E4043C27C5D70500796D47 /* AppDelegate.swift in Sources */ = {isa = PBXBuildFile; fileRef = 81E4043B27C5D70500796D47 /* AppDelegate.swift */; };
		81E4043E27C5D70500796D47 /* SceneDelegate.swift in Sources */ = {isa = PBXBuildFile; fileRef = 81E4043D27C5D70500796D47 /* SceneDelegate.swift */; };
		81E4044027C5D70500796D47 /* ViewController.swift in Sources */ = {isa = PBXBuildFile; fileRef = 81E4043F27C5D70500796D47 /* ViewController.swift */; };
		81E4044327C5D70500796D47 /* Main.storyboard in Resources */ = {isa = PBXBuildFile; fileRef = 81E4044127C5D70500796D47 /* Main.storyboard */; };
		81E4044527C5D70500796D47 /* Assets.xcassets in Resources */ = {isa = PBXBuildFile; fileRef = 81E4044427C5D70500796D47 /* Assets.xcassets */; };
		81E4044827C5D70500796D47 /* LaunchScreen.storyboard in Resources */ = {isa = PBXBuildFile; fileRef = 81E4044627C5D70500796D47 /* LaunchScreen.storyboard */; };
/* End PBXBuildFile section */

/* Begin PBXFileReference section */
		09EBD0E980B088699117DA3C /* Pods-bzb_demo.debug.xcconfig */ = {isa = PBXFileReference; includeInIndex = 1; lastKnownFileType = text.xcconfig; name = "Pods-bzb_demo.debug.xcconfig"; path = "Target Support Files/Pods-bzb_demo/Pods-bzb_demo.debug.xcconfig"; sourceTree = "<group>"; };
		398434E345B32BEE0112B116 /* Pods_bzb_demo.framework */ = {isa = PBXFileReference; explicitFileType = wrapper.framework; includeInIndex = 0; path = Pods_bzb_demo.framework; sourceTree = BUILT_PRODUCTS_DIR; };
		6A8779EFCD85928E546FBE7B /* Pods-bzb_demo.release.xcconfig */ = {isa = PBXFileReference; includeInIndex = 1; lastKnownFileType = text.xcconfig; name = "Pods-bzb_demo.release.xcconfig"; path = "Target Support Files/Pods-bzb_demo/Pods-bzb_demo.release.xcconfig"; sourceTree = "<group>"; };
		815DA8A327C5F53300A48EF0 /* LoginViewController.swift */ = {isa = PBXFileReference; lastKnownFileType = sourcecode.swift; path = LoginViewController.swift; sourceTree = "<group>"; };
		815DA8A727C60F0400A48EF0 /* AppTheme.swift */ = {isa = PBXFileReference; lastKnownFileType = sourcecode.swift; path = AppTheme.swift; sourceTree = "<group>"; };
		81BAC2BC27C72727009ECE84 /* RegisterViewController.swift */ = {isa = PBXFileReference; lastKnownFileType = sourcecode.swift; path = RegisterViewController.swift; sourceTree = "<group>"; };
		81BAC2BD27C72727009ECE84 /* RegisterViewController.xib */ = {isa = PBXFileReference; lastKnownFileType = file.xib; path = RegisterViewController.xib; sourceTree = "<group>"; };
		81BAC2C127C73424009ECE84 /* Utility.swift */ = {isa = PBXFileReference; lastKnownFileType = sourcecode.swift; path = Utility.swift; sourceTree = "<group>"; };
		81E4043827C5D70500796D47 /* bzb_demo.app */ = {isa = PBXFileReference; explicitFileType = wrapper.application; includeInIndex = 0; path = bzb_demo.app; sourceTree = BUILT_PRODUCTS_DIR; };
		81E4043B27C5D70500796D47 /* AppDelegate.swift */ = {isa = PBXFileReference; lastKnownFileType = sourcecode.swift; path = AppDelegate.swift; sourceTree = "<group>"; };
		81E4043D27C5D70500796D47 /* SceneDelegate.swift */ = {isa = PBXFileReference; lastKnownFileType = sourcecode.swift; path = SceneDelegate.swift; sourceTree = "<group>"; };
		81E4043F27C5D70500796D47 /* ViewController.swift */ = {isa = PBXFileReference; lastKnownFileType = sourcecode.swift; path = ViewController.swift; sourceTree = "<group>"; };
		81E4044227C5D70500796D47 /* Base */ = {isa = PBXFileReference; lastKnownFileType = file.storyboard; name = Base; path = Base.lproj/Main.storyboard; sourceTree = "<group>"; };
		81E4044427C5D70500796D47 /* Assets.xcassets */ = {isa = PBXFileReference; lastKnownFileType = folder.assetcatalog; path = Assets.xcassets; sourceTree = "<group>"; };
		81E4044727C5D70500796D47 /* Base */ = {isa = PBXFileReference; lastKnownFileType = file.storyboard; name = Base; path = Base.lproj/LaunchScreen.storyboard; sourceTree = "<group>"; };
		81E4044927C5D70500796D47 /* Info.plist */ = {isa = PBXFileReference; lastKnownFileType = text.plist.xml; path = Info.plist; sourceTree = "<group>"; };
/* End PBXFileReference section */

/* Begin PBXFrameworksBuildPhase section */
		81E4043527C5D70500796D47 /* Frameworks */ = {
			isa = PBXFrameworksBuildPhase;
			buildActionMask = 2147483647;
			files = (
				7DB5FF35CEAF1A76085740EB /* Pods_bzb_demo.framework in Frameworks */,
			);
			runOnlyForDeploymentPostprocessing = 0;
		};
/* End PBXFrameworksBuildPhase section */

/* Begin PBXGroup section */
		32920CE06A9B8D9DD8026353 /* Frameworks */ = {
			isa = PBXGroup;
			children = (
				398434E345B32BEE0112B116 /* Pods_bzb_demo.framework */,
			);
			name = Frameworks;
			sourceTree = "<group>";
		};
		815DA8A927C60F1C00A48EF0 /* Controller */ = {
			isa = PBXGroup;
			children = (
				815DA8A327C5F53300A48EF0 /* LoginViewController.swift */,
				81E4043F27C5D70500796D47 /* ViewController.swift */,
				81BAC2C027C7272D009ECE84 /* RegisterViewController */,
			);
			path = Controller;
			sourceTree = "<group>";
		};
		815DA8AA27C60F2800A48EF0 /* Model */ = {
			isa = PBXGroup;
			children = (
				815DA8A727C60F0400A48EF0 /* AppTheme.swift */,
				81BAC2C127C73424009ECE84 /* Utility.swift */,
			);
			path = Model;
			sourceTree = "<group>";
		};
		815DA8AB27C60F2D00A48EF0 /* View */ = {
			isa = PBXGroup;
			children = (
			);
			path = View;
			sourceTree = "<group>";
		};
		81BAC2C027C7272D009ECE84 /* RegisterViewController */ = {
			isa = PBXGroup;
			children = (
				81BAC2BC27C72727009ECE84 /* RegisterViewController.swift */,
				81BAC2BD27C72727009ECE84 /* RegisterViewController.xib */,
			);
			path = RegisterViewController;
			sourceTree = "<group>";
		};
		81E4042F27C5D70500796D47 = {
			isa = PBXGroup;
			children = (
				81E4043A27C5D70500796D47 /* bzb_demo */,
				81E4043927C5D70500796D47 /* Products */,
				E7EC0F42C22472B4B0489D0D /* Pods */,
				32920CE06A9B8D9DD8026353 /* Frameworks */,
			);
			sourceTree = "<group>";
		};
		81E4043927C5D70500796D47 /* Products */ = {
			isa = PBXGroup;
			children = (
				81E4043827C5D70500796D47 /* bzb_demo.app */,
			);
			name = Products;
			sourceTree = "<group>";
		};
		81E4043A27C5D70500796D47 /* bzb_demo */ = {
			isa = PBXGroup;
			children = (
				81E4043B27C5D70500796D47 /* AppDelegate.swift */,
				81E4043D27C5D70500796D47 /* SceneDelegate.swift */,
				81E4044127C5D70500796D47 /* Main.storyboard */,
				815DA8AB27C60F2D00A48EF0 /* View */,
				815DA8AA27C60F2800A48EF0 /* Model */,
				815DA8A927C60F1C00A48EF0 /* Controller */,
				81E4044427C5D70500796D47 /* Assets.xcassets */,
				81E4044627C5D70500796D47 /* LaunchScreen.storyboard */,
				81E4044927C5D70500796D47 /* Info.plist */,
			);
			path = bzb_demo;
			sourceTree = "<group>";
		};
		E7EC0F42C22472B4B0489D0D /* Pods */ = {
			isa = PBXGroup;
			children = (
				09EBD0E980B088699117DA3C /* Pods-bzb_demo.debug.xcconfig */,
				6A8779EFCD85928E546FBE7B /* Pods-bzb_demo.release.xcconfig */,
			);
			path = Pods;
			sourceTree = "<group>";
		};
/* End PBXGroup section */

/* Begin PBXNativeTarget section */
		81E4043727C5D70500796D47 /* bzb_demo */ = {
			isa = PBXNativeTarget;
			buildConfigurationList = 81E4044C27C5D70500796D47 /* Build configuration list for PBXNativeTarget "bzb_demo" */;
			buildPhases = (
				EACFC8D4F99F22DFC8F61DE6 /* [CP] Check Pods Manifest.lock */,
				81E4043427C5D70500796D47 /* Sources */,
				81E4043527C5D70500796D47 /* Frameworks */,
				81E4043627C5D70500796D47 /* Resources */,
				6260BC42CC7F0609C96948A9 /* [CP] Embed Pods Frameworks */,
			);
			buildRules = (
			);
			dependencies = (
			);
			name = bzb_demo;
			productName = bzb_demo;
			productReference = 81E4043827C5D70500796D47 /* bzb_demo.app */;
			productType = "com.apple.product-type.application";
		};
/* End PBXNativeTarget section */

/* Begin PBXProject section */
		81E4043027C5D70500796D47 /* Project object */ = {
			isa = PBXProject;
			attributes = {
				BuildIndependentTargetsInParallel = 1;
				LastSwiftUpdateCheck = 1320;
				LastUpgradeCheck = 1320;
				TargetAttributes = {
					81E4043727C5D70500796D47 = {
						CreatedOnToolsVersion = 13.2.1;
					};
				};
			};
			buildConfigurationList = 81E4043327C5D70500796D47 /* Build configuration list for PBXProject "bzb_demo" */;
			compatibilityVersion = "Xcode 13.0";
			developmentRegion = en;
			hasScannedForEncodings = 0;
			knownRegions = (
				en,
				Base,
			);
			mainGroup = 81E4042F27C5D70500796D47;
			productRefGroup = 81E4043927C5D70500796D47 /* Products */;
			projectDirPath = "";
			projectRoot = "";
			targets = (
				81E4043727C5D70500796D47 /* bzb_demo */,
			);
		};
/* End PBXProject section */

/* Begin PBXResourcesBuildPhase section */
		81E4043627C5D70500796D47 /* Resources */ = {
			isa = PBXResourcesBuildPhase;
			buildActionMask = 2147483647;
			files = (
				81E4044827C5D70500796D47 /* LaunchScreen.storyboard in Resources */,
				81E4044527C5D70500796D47 /* Assets.xcassets in Resources */,
				81E4044327C5D70500796D47 /* Main.storyboard in Resources */,
				81BAC2BF27C72727009ECE84 /* RegisterViewController.xib in Resources */,
			);
			runOnlyForDeploymentPostprocessing = 0;
		};
/* End PBXResourcesBuildPhase section */

/* Begin PBXShellScriptBuildPhase section */
		6260BC42CC7F0609C96948A9 /* [CP] Embed Pods Frameworks */ = {
			isa = PBXShellScriptBuildPhase;
			buildActionMask = 2147483647;
			files = (
			);
			inputFileListPaths = (
				"${PODS_ROOT}/Target Support Files/Pods-bzb_demo/Pods-bzb_demo-frameworks-${CONFIGURATION}-input-files.xcfilelist",
			);
			name = "[CP] Embed Pods Frameworks";
			outputFileListPaths = (
				"${PODS_ROOT}/Target Support Files/Pods-bzb_demo/Pods-bzb_demo-frameworks-${CONFIGURATION}-output-files.xcfilelist",
			);
			runOnlyForDeploymentPostprocessing = 0;
			shellPath = /bin/sh;
			shellScript = "\"${PODS_ROOT}/Target Support Files/Pods-bzb_demo/Pods-bzb_demo-frameworks.sh\"\n";
			showEnvVarsInLog = 0;
		};
		EACFC8D4F99F22DFC8F61DE6 /* [CP] Check Pods Manifest.lock */ = {
			isa = PBXShellScriptBuildPhase;
			buildActionMask = 2147483647;
			files = (
			);
			inputFileListPaths = (
			);
			inputPaths = (
				"${PODS_PODFILE_DIR_PATH}/Podfile.lock",
				"${PODS_ROOT}/Manifest.lock",
			);
			name = "[CP] Check Pods Manifest.lock";
			outputFileListPaths = (
			);
			outputPaths = (
				"$(DERIVED_FILE_DIR)/Pods-bzb_demo-checkManifestLockResult.txt",
			);
			runOnlyForDeploymentPostprocessing = 0;
			shellPath = /bin/sh;
			shellScript = "diff \"${PODS_PODFILE_DIR_PATH}/Podfile.lock\" \"${PODS_ROOT}/Manifest.lock\" > /dev/null\nif [ $? != 0 ] ; then\n    # print error to STDERR\n    echo \"error: The sandbox is not in sync with the Podfile.lock. Run 'pod install' or update your CocoaPods installation.\" >&2\n    exit 1\nfi\n# This output is used by Xcode 'outputs' to avoid re-running this script phase.\necho \"SUCCESS\" > \"${SCRIPT_OUTPUT_FILE_0}\"\n";
			showEnvVarsInLog = 0;
		};
/* End PBXShellScriptBuildPhase section */

/* Begin PBXSourcesBuildPhase section */
		81E4043427C5D70500796D47 /* Sources */ = {
			isa = PBXSourcesBuildPhase;
			buildActionMask = 2147483647;
			files = (
				81BAC2C227C73424009ECE84 /* Utility.swift in Sources */,
				815DA8A427C5F53300A48EF0 /* LoginViewController.swift in Sources */,
				81E4044027C5D70500796D47 /* ViewController.swift in Sources */,
				81E4043C27C5D70500796D47 /* AppDelegate.swift in Sources */,
				81BAC2BE27C72727009ECE84 /* RegisterViewController.swift in Sources */,
				81E4043E27C5D70500796D47 /* SceneDelegate.swift in Sources */,
				815DA8A827C60F0400A48EF0 /* AppTheme.swift in Sources */,
			);
			runOnlyForDeploymentPostprocessing = 0;
		};
/* End PBXSourcesBuildPhase section */

/* Begin PBXVariantGroup section */
		81E4044127C5D70500796D47 /* Main.storyboard */ = {
			isa = PBXVariantGroup;
			children = (
				81E4044227C5D70500796D47 /* Base */,
			);
			name = Main.storyboard;
			sourceTree = "<group>";
		};
		81E4044627C5D70500796D47 /* LaunchScreen.storyboard */ = {
			isa = PBXVariantGroup;
			children = (
				81E4044727C5D70500796D47 /* Base */,
			);
			name = LaunchScreen.storyboard;
			sourceTree = "<group>";
		};
/* End PBXVariantGroup section */

/* Begin XCBuildConfiguration section */
		81E4044A27C5D70500796D47 /* Debug */ = {
			isa = XCBuildConfiguration;
			buildSettings = {
				ALWAYS_SEARCH_USER_PATHS = NO;
				CLANG_ANALYZER_NONNULL = YES;
				CLANG_ANALYZER_NUMBER_OBJECT_CONVERSION = YES_AGGRESSIVE;
				CLANG_CXX_LANGUAGE_STANDARD = "gnu++17";
				CLANG_CXX_LIBRARY = "libc++";
				CLANG_ENABLE_MODULES = YES;
				CLANG_ENABLE_OBJC_ARC = YES;
				CLANG_ENABLE_OBJC_WEAK = YES;
				CLANG_WARN_BLOCK_CAPTURE_AUTORELEASING = YES;
				CLANG_WARN_BOOL_CONVERSION = YES;
				CLANG_WARN_COMMA = YES;
				CLANG_WARN_CONSTANT_CONVERSION = YES;
				CLANG_WARN_DEPRECATED_OBJC_IMPLEMENTATIONS = YES;
				CLANG_WARN_DIRECT_OBJC_ISA_USAGE = YES_ERROR;
				CLANG_WARN_DOCUMENTATION_COMMENTS = YES;
				CLANG_WARN_EMPTY_BODY = YES;
				CLANG_WARN_ENUM_CONVERSION = YES;
				CLANG_WARN_INFINITE_RECURSION = YES;
				CLANG_WARN_INT_CONVERSION = YES;
				CLANG_WARN_NON_LITERAL_NULL_CONVERSION = YES;
				CLANG_WARN_OBJC_IMPLICIT_RETAIN_SELF = YES;
				CLANG_WARN_OBJC_LITERAL_CONVERSION = YES;
				CLANG_WARN_OBJC_ROOT_CLASS = YES_ERROR;
				CLANG_WARN_QUOTED_INCLUDE_IN_FRAMEWORK_HEADER = YES;
				CLANG_WARN_RANGE_LOOP_ANALYSIS = YES;
				CLANG_WARN_STRICT_PROTOTYPES = YES;
				CLANG_WARN_SUSPICIOUS_MOVE = YES;
				CLANG_WARN_UNGUARDED_AVAILABILITY = YES_AGGRESSIVE;
				CLANG_WARN_UNREACHABLE_CODE = YES;
				CLANG_WARN__DUPLICATE_METHOD_MATCH = YES;
				COPY_PHASE_STRIP = NO;
				DEBUG_INFORMATION_FORMAT = dwarf;
				ENABLE_STRICT_OBJC_MSGSEND = YES;
				ENABLE_TESTABILITY = YES;
				GCC_C_LANGUAGE_STANDARD = gnu11;
				GCC_DYNAMIC_NO_PIC = NO;
				GCC_NO_COMMON_BLOCKS = YES;
				GCC_OPTIMIZATION_LEVEL = 0;
				GCC_PREPROCESSOR_DEFINITIONS = (
					"DEBUG=1",
					"$(inherited)",
				);
				GCC_WARN_64_TO_32_BIT_CONVERSION = YES;
				GCC_WARN_ABOUT_RETURN_TYPE = YES_ERROR;
				GCC_WARN_UNDECLARED_SELECTOR = YES;
				GCC_WARN_UNINITIALIZED_AUTOS = YES_AGGRESSIVE;
				GCC_WARN_UNUSED_FUNCTION = YES;
				GCC_WARN_UNUSED_VARIABLE = YES;
				IPHONEOS_DEPLOYMENT_TARGET = 15.2;
				MTL_ENABLE_DEBUG_INFO = INCLUDE_SOURCE;
				MTL_FAST_MATH = YES;
				ONLY_ACTIVE_ARCH = YES;
				SDKROOT = iphoneos;
				SWIFT_ACTIVE_COMPILATION_CONDITIONS = DEBUG;
				SWIFT_OPTIMIZATION_LEVEL = "-Onone";
			};
			name = Debug;
		};
		81E4044B27C5D70500796D47 /* Release */ = {
			isa = XCBuildConfiguration;
			buildSettings = {
				ALWAYS_SEARCH_USER_PATHS = NO;
				CLANG_ANALYZER_NONNULL = YES;
				CLANG_ANALYZER_NUMBER_OBJECT_CONVERSION = YES_AGGRESSIVE;
				CLANG_CXX_LANGUAGE_STANDARD = "gnu++17";
				CLANG_CXX_LIBRARY = "libc++";
				CLANG_ENABLE_MODULES = YES;
				CLANG_ENABLE_OBJC_ARC = YES;
				CLANG_ENABLE_OBJC_WEAK = YES;
				CLANG_WARN_BLOCK_CAPTURE_AUTORELEASING = YES;
				CLANG_WARN_BOOL_CONVERSION = YES;
				CLANG_WARN_COMMA = YES;
				CLANG_WARN_CONSTANT_CONVERSION = YES;
				CLANG_WARN_DEPRECATED_OBJC_IMPLEMENTATIONS = YES;
				CLANG_WARN_DIRECT_OBJC_ISA_USAGE = YES_ERROR;
				CLANG_WARN_DOCUMENTATION_COMMENTS = YES;
				CLANG_WARN_EMPTY_BODY = YES;
				CLANG_WARN_ENUM_CONVERSION = YES;
				CLANG_WARN_INFINITE_RECURSION = YES;
				CLANG_WARN_INT_CONVERSION = YES;
				CLANG_WARN_NON_LITERAL_NULL_CONVERSION = YES;
				CLANG_WARN_OBJC_IMPLICIT_RETAIN_SELF = YES;
				CLANG_WARN_OBJC_LITERAL_CONVERSION = YES;
				CLANG_WARN_OBJC_ROOT_CLASS = YES_ERROR;
				CLANG_WARN_QUOTED_INCLUDE_IN_FRAMEWORK_HEADER = YES;
				CLANG_WARN_RANGE_LOOP_ANALYSIS = YES;
				CLANG_WARN_STRICT_PROTOTYPES = YES;
				CLANG_WARN_SUSPICIOUS_MOVE = YES;
				CLANG_WARN_UNGUARDED_AVAILABILITY = YES_AGGRESSIVE;
				CLANG_WARN_UNREACHABLE_CODE = YES;
				CLANG_WARN__DUPLICATE_METHOD_MATCH = YES;
				COPY_PHASE_STRIP = NO;
				DEBUG_INFORMATION_FORMAT = "dwarf-with-dsym";
				ENABLE_NS_ASSERTIONS = NO;
				ENABLE_STRICT_OBJC_MSGSEND = YES;
				GCC_C_LANGUAGE_STANDARD = gnu11;
				GCC_NO_COMMON_BLOCKS = YES;
				GCC_WARN_64_TO_32_BIT_CONVERSION = YES;
				GCC_WARN_ABOUT_RETURN_TYPE = YES_ERROR;
				GCC_WARN_UNDECLARED_SELECTOR = YES;
				GCC_WARN_UNINITIALIZED_AUTOS = YES_AGGRESSIVE;
				GCC_WARN_UNUSED_FUNCTION = YES;
				GCC_WARN_UNUSED_VARIABLE = YES;
				IPHONEOS_DEPLOYMENT_TARGET = 15.2;
				MTL_ENABLE_DEBUG_INFO = NO;
				MTL_FAST_MATH = YES;
				SDKROOT = iphoneos;
				SWIFT_COMPILATION_MODE = wholemodule;
				SWIFT_OPTIMIZATION_LEVEL = "-O";
				VALIDATE_PRODUCT = YES;
			};
			name = Release;
		};
		81E4044D27C5D70500796D47 /* Debug */ = {
			isa = XCBuildConfiguration;
			baseConfigurationReference = 09EBD0E980B088699117DA3C /* Pods-bzb_demo.debug.xcconfig */;
			buildSettings = {
				ASSETCATALOG_COMPILER_APPICON_NAME = AppIcon;
				ASSETCATALOG_COMPILER_GLOBAL_ACCENT_COLOR_NAME = AccentColor;
				CODE_SIGN_STYLE = Automatic;
				CURRENT_PROJECT_VERSION = 1;
				GENERATE_INFOPLIST_FILE = YES;
				INFOPLIST_FILE = bzb_demo/Info.plist;
				INFOPLIST_KEY_UIApplicationSupportsIndirectInputEvents = YES;
				INFOPLIST_KEY_UILaunchStoryboardName = LaunchScreen;
				INFOPLIST_KEY_UIMainStoryboardFile = Main;
				INFOPLIST_KEY_UISupportedInterfaceOrientations_iPad = "UIInterfaceOrientationPortrait UIInterfaceOrientationPortraitUpsideDown UIInterfaceOrientationLandscapeLeft UIInterfaceOrientationLandscapeRight";
				INFOPLIST_KEY_UISupportedInterfaceOrientations_iPhone = "UIInterfaceOrientationPortrait UIInterfaceOrientationLandscapeLeft UIInterfaceOrientationLandscapeRight";
				IPHONEOS_DEPLOYMENT_TARGET = 13.0;
				LD_RUNPATH_SEARCH_PATHS = (
					"$(inherited)",
					"@executable_path/Frameworks",
				);
				MARKETING_VERSION = 1.0;
				PRODUCT_BUNDLE_IDENTIFIER = "com.pongsatorn.bzb-demo";
				PRODUCT_NAME = "$(TARGET_NAME)";
				SWIFT_EMIT_LOC_STRINGS = YES;
				SWIFT_VERSION = 5.0;
				TARGETED_DEVICE_FAMILY = "1,2";
			};
			name = Debug;
		};
		81E4044E27C5D70500796D47 /* Release */ = {
			isa = XCBuildConfiguration;
			baseConfigurationReference = 6A8779EFCD85928E546FBE7B /* Pods-bzb_demo.release.xcconfig */;
			buildSettings = {
				ASSETCATALOG_COMPILER_APPICON_NAME = AppIcon;
				ASSETCATALOG_COMPILER_GLOBAL_ACCENT_COLOR_NAME = AccentColor;
				CODE_SIGN_STYLE = Automatic;
				CURRENT_PROJECT_VERSION = 1;
				GENERATE_INFOPLIST_FILE = YES;
				INFOPLIST_FILE = bzb_demo/Info.plist;
				INFOPLIST_KEY_UIApplicationSupportsIndirectInputEvents = YES;
				INFOPLIST_KEY_UILaunchStoryboardName = LaunchScreen;
				INFOPLIST_KEY_UIMainStoryboardFile = Main;
				INFOPLIST_KEY_UISupportedInterfaceOrientations_iPad = "UIInterfaceOrientationPortrait UIInterfaceOrientationPortraitUpsideDown UIInterfaceOrientationLandscapeLeft UIInterfaceOrientationLandscapeRight";
				INFOPLIST_KEY_UISupportedInterfaceOrientations_iPhone = "UIInterfaceOrientationPortrait UIInterfaceOrientationLandscapeLeft UIInterfaceOrientationLandscapeRight";
				IPHONEOS_DEPLOYMENT_TARGET = 13.0;
				LD_RUNPATH_SEARCH_PATHS = (
					"$(inherited)",
					"@executable_path/Frameworks",
				);
				MARKETING_VERSION = 1.0;
				PRODUCT_BUNDLE_IDENTIFIER = "com.pongsatorn.bzb-demo";
				PRODUCT_NAME = "$(TARGET_NAME)";
				SWIFT_EMIT_LOC_STRINGS = YES;
				SWIFT_VERSION = 5.0;
				TARGETED_DEVICE_FAMILY = "1,2";
			};
			name = Release;
		};
/* End XCBuildConfiguration section */

/* Begin XCConfigurationList section */
		81E4043327C5D70500796D47 /* Build configuration list for PBXProject "bzb_demo" */ = {
			isa = XCConfigurationList;
			buildConfigurations = (
				81E4044A27C5D70500796D47 /* Debug */,
				81E4044B27C5D70500796D47 /* Release */,
			);
			defaultConfigurationIsVisible = 0;
			defaultConfigurationName = Release;
		};
		81E4044C27C5D70500796D47 /* Build configuration list for PBXNativeTarget "bzb_demo" */ = {
			isa = XCConfigurationList;
			buildConfigurations = (
				81E4044D27C5D70500796D47 /* Debug */,
				81E4044E27C5D70500796D47 /* Release */,
			);
			defaultConfigurationIsVisible = 0;
			defaultConfigurationName = Release;
		};
/* End XCConfigurationList section */
	};
	rootObject = 81E4043027C5D70500796D47 /* Project object */;
}
